
Microsoft Visual Studio Solution File, Format Version 12.00
# Visual Studio 15
VisualStudioVersion = 15.0.28010.0
MinimumVisualStudioVersion = 10.0.40219.1
Project("{8BC9CEB8-8B4A-11D0-8D11-00A0C91BC942}") = "GitTestProject", "GitTestProject\GitTestProject.vcxproj", "{D1CCB087-436B-49B5-B627-68C92FC31FAB}"
EndProject
Global
	GlobalSection(SolutionConfigurationPlatforms) = preSolution
		Debug|x64 = Debug|x64
		Debug|x86 = Debug|x86
		Release|x64 = Release|x64
		Release|x86 = Release|x86
	EndGlobalSection
	GlobalSection(ProjectConfigurationPlatforms) = postSolution
		{D1CCB087-436B-49B5-B627-68C92FC31FAB}.Debug|x64.ActiveCfg = Debug|x64
		{D1CCB087-436B-49B5-B627-68C92FC31FAB}.Debug|x64.Build.0 = Debug|x64
		{D1CCB087-436B-49B5-B627-68C92FC31FAB}.Debug|x86.ActiveCfg = Debug|Win32
		{D1CCB087-436B-49B5-B627-68C92FC31FAB}.Debug|x86.Build.0 = Debug|Win32
		{D1CCB087-436B-49B5-B627-68C92FC31FAB}.Release|x64.ActiveCfg = Release|x64
		{D1CCB087-436B-49B5-B627-68C92FC31FAB}.Release|x64.Build.0 = Release|x64
		{D1CCB087-436B-49B5-B627-68C92FC31FAB}.Release|x86.ActiveCfg = Release|Win32
		{D1CCB087-436B-49B5-B627-68C92FC31FAB}.Release|x86.Build.0 = Release|Win32
	EndGlobalSection
	GlobalSection(SolutionProperties) = preSolution
		HideSolutionNode = FALSE
	EndGlobalSection
	GlobalSection(ExtensibilityGlobals) = postSolution
		SolutionGuid = {0133EFEA-EA8C-469B-A91A-6013D4B1FC0D}
	EndGlobalSection
EndGlobal
